
Microsoft Visual Studio Solution File, Format Version 12.00
# Visual Studio Version 17
VisualStudioVersion = 17.8.34525.116
MinimumVisualStudioVersion = 10.0.40219.1
Project("{9A19103F-16F7-4668-BE54-9A1E7A4F7556}") = "StudentManagementAPI", "StudentManagementAPI\StudentManagementAPI.csproj", "{0039FBB7-E71F-445B-9810-8EB82715D0DD}"
EndProject
Project("{9A19103F-16F7-4668-BE54-9A1E7A4F7556}") = "StudentsManagementservice", "StudentsManagementservice\StudentsManagementservice.csproj", "{FE100CBB-B95B-4966-AA17-1AE3C6302E14}"
EndProject
Project("{9A19103F-16F7-4668-BE54-9A1E7A4F7556}") = "StudentsqlRepo", "StudentsqlRepo\StudentsqlRepo.csproj", "{ABD79A45-137B-4A69-B134-FC9DCAF3C6B8}"
EndProject
Project("{9A19103F-16F7-4668-BE54-9A1E7A4F7556}") = "common", "common\common.csproj", "{B64C3B1D-26D8-4EFF-B94B-6B5EF68C798F}"
EndProject
Global
	GlobalSection(SolutionConfigurationPlatforms) = preSolution
		Debug|Any CPU = Debug|Any CPU
		Release|Any CPU = Release|Any CPU
	EndGlobalSection
	GlobalSection(ProjectConfigurationPlatforms) = postSolution
		{0039FBB7-E71F-445B-9810-8EB82715D0DD}.Debug|Any CPU.ActiveCfg = Debug|Any CPU
		{0039FBB7-E71F-445B-9810-8EB82715D0DD}.Debug|Any CPU.Build.0 = Debug|Any CPU
		{0039FBB7-E71F-445B-9810-8EB82715D0DD}.Release|Any CPU.ActiveCfg = Release|Any CPU
		{0039FBB7-E71F-445B-9810-8EB82715D0DD}.Release|Any CPU.Build.0 = Release|Any CPU
		{FE100CBB-B95B-4966-AA17-1AE3C6302E14}.Debug|Any CPU.ActiveCfg = Debug|Any CPU
		{FE100CBB-B95B-4966-AA17-1AE3C6302E14}.Debug|Any CPU.Build.0 = Debug|Any CPU
		{FE100CBB-B95B-4966-AA17-1AE3C6302E14}.Release|Any CPU.ActiveCfg = Release|Any CPU
		{FE100CBB-B95B-4966-AA17-1AE3C6302E14}.Release|Any CPU.Build.0 = Release|Any CPU
		{ABD79A45-137B-4A69-B134-FC9DCAF3C6B8}.Debug|Any CPU.ActiveCfg = Debug|Any CPU
		{ABD79A45-137B-4A69-B134-FC9DCAF3C6B8}.Debug|Any CPU.Build.0 = Debug|Any CPU
		{ABD79A45-137B-4A69-B134-FC9DCAF3C6B8}.Release|Any CPU.ActiveCfg = Release|Any CPU
		{ABD79A45-137B-4A69-B134-FC9DCAF3C6B8}.Release|Any CPU.Build.0 = Release|Any CPU
		{B64C3B1D-26D8-4EFF-B94B-6B5EF68C798F}.Debug|Any CPU.ActiveCfg = Debug|Any CPU
		{B64C3B1D-26D8-4EFF-B94B-6B5EF68C798F}.Debug|Any CPU.Build.0 = Debug|Any CPU
		{B64C3B1D-26D8-4EFF-B94B-6B5EF68C798F}.Release|Any CPU.ActiveCfg = Release|Any CPU
		{B64C3B1D-26D8-4EFF-B94B-6B5EF68C798F}.Release|Any CPU.Build.0 = Release|Any CPU
	EndGlobalSection
	GlobalSection(SolutionProperties) = preSolution
		HideSolutionNode = FALSE
	EndGlobalSection
	GlobalSection(ExtensibilityGlobals) = postSolution
		SolutionGuid = {E7E272F7-71A1-4D81-A1C1-E891CCE4A8B7}
	EndGlobalSection
EndGlobal
